
Microsoft Visual Studio Solution File, Format Version 12.00
# Visual Studio 14
VisualStudioVersion = 14.0.25123.0
MinimumVisualStudioVersion = 10.0.40219.1
Project("{D954291E-2A0B-460D-934E-DC6B0785DB48}") = "PostADO", "PostADO\PostADO.shproj", "{1906B167-8051-48CE-8684-515F46F633EA}"
EndProject
Global
	GlobalSection(SharedMSBuildProjectFiles) = preSolution
		PostADO\PostADO.projitems*{1906b167-8051-48ce-8684-515f46f633ea}*SharedItemsImports = 13
	EndGlobalSection
	GlobalSection(SolutionProperties) = preSolution
		HideSolutionNode = FALSE
	EndGlobalSection
EndGlobal
